Microsoft Visual Studio Solution File, Format Version 12.00
# Visual Studio Version 17
VisualStudioVersion = 17.5.2.0
MinimumVisualStudioVersion = 10.0.40219.1
Project("{FAE04EC0-301F-11D3-BF4B-00C04F79EFBC}") = "SCREEN_SAVER", "SCREEN_SAVER.csproj", "{0F57E984-EFAF-8450-622C-22EE87201152}"
EndProject
Global
	GlobalSection(SolutionConfigurationPlatforms) = preSolution
		Debug|Any CPU = Debug|Any CPU
		Release|Any CPU = Release|Any CPU
	EndGlobalSection
	GlobalSection(ProjectConfigurationPlatforms) = postSolution
		{0F57E984-EFAF-8450-622C-22EE87201152}.Debug|Any CPU.ActiveCfg = Debug|Any CPU
		{0F57E984-EFAF-8450-622C-22EE87201152}.Debug|Any CPU.Build.0 = Debug|Any CPU
		{0F57E984-EFAF-8450-622C-22EE87201152}.Release|Any CPU.ActiveCfg = Release|Any CPU
		{0F57E984-EFAF-8450-622C-22EE87201152}.Release|Any CPU.Build.0 = Release|Any CPU
	EndGlobalSection
	GlobalSection(SolutionProperties) = preSolution
		HideSolutionNode = FALSE
	EndGlobalSection
	GlobalSection(ExtensibilityGlobals) = postSolution
		SolutionGuid = {8DFF8D37-F939-4D7E-89BD-35FF1F1BB549}
	EndGlobalSection
EndGlobal
